{"filter":false,"title":"yarn.lock","tooltip":"/client/yarn.lock","undoManager":{"mark":-1,"position":-1,"stack":[]},"ace":{"folds":[],"scrolltop":660,"scrollleft":0,"selection":{"start":{"row":0,"column":0},"end":{"row":0,"column":0},"isBackwards":false},"options":{"guessTabSize":true,"useWrapMode":false,"wrapToView":true},"firstLineState":{"row":46,"state":"start","mode":"ace/mode/text"}},"timestamp":1527888209872,"hash":"d2656a7ad74d699e3d714a1b825016e8bf9583ef"}